
Microsoft Visual Studio Solution File, Format Version 12.00
# Visual Studio Version 17
VisualStudioVersion = 17.6.33829.357
MinimumVisualStudioVersion = 10.0.40219.1
Project("{9A19103F-16F7-4668-BE54-9A1E7A4F7556}") = "FunPro.CW2.19248", "FunPro.CW2.19248\FunPro.CW2.19248.csproj", "{35BF269B-7B56-4B48-A071-665A7D658C24}"
EndProject
Project("{FAE04EC0-301F-11D3-BF4B-00C04F79EFBC}") = "FunPro.CW2.19248.DAL", "FunPro.CW2.19248.DAL\FunPro.CW2.19248.DAL.csproj", "{0002128B-0CAA-47D1-B7E6-CD2B595DC780}"
EndProject
Global
	GlobalSection(SolutionConfigurationPlatforms) = preSolution
		Debug|Any CPU = Debug|Any CPU
		Release|Any CPU = Release|Any CPU
	EndGlobalSection
	GlobalSection(ProjectConfigurationPlatforms) = postSolution
		{35BF269B-7B56-4B48-A071-665A7D658C24}.Debug|Any CPU.ActiveCfg = Debug|Any CPU
		{35BF269B-7B56-4B48-A071-665A7D658C24}.Debug|Any CPU.Build.0 = Debug|Any CPU
		{35BF269B-7B56-4B48-A071-665A7D658C24}.Release|Any CPU.ActiveCfg = Release|Any CPU
		{35BF269B-7B56-4B48-A071-665A7D658C24}.Release|Any CPU.Build.0 = Release|Any CPU
		{0002128B-0CAA-47D1-B7E6-CD2B595DC780}.Debug|Any CPU.ActiveCfg = Debug|Any CPU
		{0002128B-0CAA-47D1-B7E6-CD2B595DC780}.Debug|Any CPU.Build.0 = Debug|Any CPU
		{0002128B-0CAA-47D1-B7E6-CD2B595DC780}.Release|Any CPU.ActiveCfg = Release|Any CPU
		{0002128B-0CAA-47D1-B7E6-CD2B595DC780}.Release|Any CPU.Build.0 = Release|Any CPU
	EndGlobalSection
	GlobalSection(SolutionProperties) = preSolution
		HideSolutionNode = FALSE
	EndGlobalSection
	GlobalSection(ExtensibilityGlobals) = postSolution
		SolutionGuid = {7E7E00C2-E4AB-4F5F-A94F-A3FE65AA6BF7}
	EndGlobalSection
EndGlobal
